// !$*UTF8*$!
{
	archiveVersion = 1;
	classes = {
	};
	objectVersion = 50;
	objects = {

/* Begin PBXBuildFile section */
		CA675A1A2327E73700BEB95F /* AppDelegate.swift in Sources */ = {isa = PBXBuildFile; fileRef = CA675A192327E73700BEB95F /* AppDelegate.swift */; };
		CA675A1C2327E73700BEB95F /* ViewController.swift in Sources */ = {isa = PBXBuildFile; fileRef = CA675A1B2327E73700BEB95F /* ViewController.swift */; };
		CA675A1F2327E73700BEB95F /* Main.storyboard in Resources */ = {isa = PBXBuildFile; fileRef = CA675A1D2327E73700BEB95F /* Main.storyboard */; };
		CA675A212327E73800BEB95F /* Assets.xcassets in Resources */ = {isa = PBXBuildFile; fileRef = CA675A202327E73800BEB95F /* Assets.xcassets */; };
		CA675A242327E73800BEB95F /* LaunchScreen.storyboard in Resources */ = {isa = PBXBuildFile; fileRef = CA675A222327E73800BEB95F /* LaunchScreen.storyboard */; };
		CA675A2C2327F23800BEB95F /* BrightnessControlVC.swift in Sources */ = {isa = PBXBuildFile; fileRef = CA675A2B2327F23800BEB95F /* BrightnessControlVC.swift */; };
		CA675A2E2327F89A00BEB95F /* BrightnessControl.swift in Sources */ = {isa = PBXBuildFile; fileRef = CA675A2D2327F89A00BEB95F /* BrightnessControl.swift */; };
/* End PBXBuildFile section */

/* Begin PBXFileReference section */
		CA675A162327E73700BEB95F /* BrightnessControl.app */ = {isa = PBXFileReference; explicitFileType = wrapper.application; includeInIndex = 0; path = BrightnessControl.app; sourceTree = BUILT_PRODUCTS_DIR; };
		CA675A192327E73700BEB95F /* AppDelegate.swift */ = {isa = PBXFileReference; lastKnownFileType = sourcecode.swift; path = AppDelegate.swift; sourceTree = "<group>"; };
		CA675A1B2327E73700BEB95F /* ViewController.swift */ = {isa = PBXFileReference; lastKnownFileType = sourcecode.swift; path = ViewController.swift; sourceTree = "<group>"; };
		CA675A1E2327E73700BEB95F /* Base */ = {isa = PBXFileReference; lastKnownFileType = file.storyboard; name = Base; path = Base.lproj/Main.storyboard; sourceTree = "<group>"; };
		CA675A202327E73800BEB95F /* Assets.xcassets */ = {isa = PBXFileReference; lastKnownFileType = folder.assetcatalog; path = Assets.xcassets; sourceTree = "<group>"; };
		CA675A232327E73800BEB95F /* Base */ = {isa = PBXFileReference; lastKnownFileType = file.storyboard; name = Base; path = Base.lproj/LaunchScreen.storyboard; sourceTree = "<group>"; };
		CA675A252327E73800BEB95F /* Info.plist */ = {isa = PBXFileReference; lastKnownFileType = text.plist.xml; path = Info.plist; sourceTree = "<group>"; };
		CA675A2B2327F23800BEB95F /* BrightnessControlVC.swift */ = {isa = PBXFileReference; lastKnownFileType = sourcecode.swift; path = BrightnessControlVC.swift; sourceTree = "<group>"; };
		CA675A2D2327F89A00BEB95F /* BrightnessControl.swift */ = {isa = PBXFileReference; lastKnownFileType = sourcecode.swift; path = BrightnessControl.swift; sourceTree = "<group>"; };
/* End PBXFileReference section */

/* Begin PBXFrameworksBuildPhase section */
		CA675A132327E73700BEB95F /* Frameworks */ = {
			isa = PBXFrameworksBuildPhase;
			buildActionMask = 2147483647;
			files = (
			);
			runOnlyForDeploymentPostprocessing = 0;
		};
/* End PBXFrameworksBuildPhase section */

/* Begin PBXGroup section */
		CA675A0D2327E73700BEB95F = {
			isa = PBXGroup;
			children = (
				CA675A182327E73700BEB95F /* BrightnessControl */,
				CA675A172327E73700BEB95F /* Products */,
			);
			sourceTree = "<group>";
		};
		CA675A172327E73700BEB95F /* Products */ = {
			isa = PBXGroup;
			children = (
				CA675A162327E73700BEB95F /* BrightnessControl.app */,
			);
			name = Products;
			sourceTree = "<group>";
		};
		CA675A182327E73700BEB95F /* BrightnessControl */ = {
			isa = PBXGroup;
			children = (
				CA675A192327E73700BEB95F /* AppDelegate.swift */,
				CA675A1B2327E73700BEB95F /* ViewController.swift */,
				CA675A1D2327E73700BEB95F /* Main.storyboard */,
				CA675A202327E73800BEB95F /* Assets.xcassets */,
				CA675A222327E73800BEB95F /* LaunchScreen.storyboard */,
				CA675A252327E73800BEB95F /* Info.plist */,
				CA675A2B2327F23800BEB95F /* BrightnessControlVC.swift */,
				CA675A2D2327F89A00BEB95F /* BrightnessControl.swift */,
			);
			path = BrightnessControl;
			sourceTree = "<group>";
		};
/* End PBXGroup section */

/* Begin PBXNativeTarget section */
		CA675A152327E73700BEB95F /* BrightnessControl */ = {
			isa = PBXNativeTarget;
			buildConfigurationList = CA675A282327E73800BEB95F /* Build configuration list for PBXNativeTarget "BrightnessControl" */;
			buildPhases = (
				CA675A122327E73700BEB95F /* Sources */,
				CA675A132327E73700BEB95F /* Frameworks */,
				CA675A142327E73700BEB95F /* Resources */,
			);
			buildRules = (
			);
			dependencies = (
			);
			name = BrightnessControl;
			productName = BrightnessControl;
			productReference = CA675A162327E73700BEB95F /* BrightnessControl.app */;
			productType = "com.apple.product-type.application";
		};
/* End PBXNativeTarget section */

/* Begin PBXProject section */
		CA675A0E2327E73700BEB95F /* Project object */ = {
			isa = PBXProject;
			attributes = {
				LastSwiftUpdateCheck = 1020;
				LastUpgradeCheck = 1020;
				ORGANIZATIONNAME = "Fedor Volchkov";
				TargetAttributes = {
					CA675A152327E73700BEB95F = {
						CreatedOnToolsVersion = 10.2.1;
					};
				};
			};
			buildConfigurationList = CA675A112327E73700BEB95F /* Build configuration list for PBXProject "BrightnessControl" */;
			compatibilityVersion = "Xcode 9.3";
			developmentRegion = en;
			hasScannedForEncodings = 0;
			knownRegions = (
				en,
				Base,
			);
			mainGroup = CA675A0D2327E73700BEB95F;
			productRefGroup = CA675A172327E73700BEB95F /* Products */;
			projectDirPath = "";
			projectRoot = "";
			targets = (
				CA675A152327E73700BEB95F /* BrightnessControl */,
			);
		};
/* End PBXProject section */

/* Begin PBXResourcesBuildPhase section */
		CA675A142327E73700BEB95F /* Resources */ = {
			isa = PBXResourcesBuildPhase;
			buildActionMask = 2147483647;
			files = (
				CA675A242327E73800BEB95F /* LaunchScreen.storyboard in Resources */,
				CA675A212327E73800BEB95F /* Assets.xcassets in Resources */,
				CA675A1F2327E73700BEB95F /* Main.storyboard in Resources */,
			);
			runOnlyForDeploymentPostprocessing = 0;
		};
/* End PBXResourcesBuildPhase section */

/* Begin PBXSourcesBuildPhase section */
		CA675A122327E73700BEB95F /* Sources */ = {
			isa = PBXSourcesBuildPhase;
			buildActionMask = 2147483647;
			files = (
				CA675A2E2327F89A00BEB95F /* BrightnessControl.swift in Sources */,
				CA675A2C2327F23800BEB95F /* BrightnessControlVC.swift in Sources */,
				CA675A1C2327E73700BEB95F /* ViewController.swift in Sources */,
				CA675A1A2327E73700BEB95F /* AppDelegate.swift in Sources */,
			);
			runOnlyForDeploymentPostprocessing = 0;
		};
/* End PBXSourcesBuildPhase section */

/* Begin PBXVariantGroup section */
		CA675A1D2327E73700BEB95F /* Main.storyboard */ = {
			isa = PBXVariantGroup;
			children = (
				CA675A1E2327E73700BEB95F /* Base */,
			);
			name = Main.storyboard;
			sourceTree = "<group>";
		};
		CA675A222327E73800BEB95F /* LaunchScreen.storyboard */ = {
			isa = PBXVariantGroup;
			children = (
				CA675A232327E73800BEB95F /* Base */,
			);
			name = LaunchScreen.storyboard;
			sourceTree = "<group>";
		};
/* End PBXVariantGroup section */

/* Begin XCBuildConfiguration section */
		CA675A262327E73800BEB95F /* Debug */ = {
			isa = XCBuildConfiguration;
			buildSettings = {
				ALWAYS_SEARCH_USER_PATHS = NO;
				CLANG_ANALYZER_NONNULL = YES;
				CLANG_ANALYZER_NUMBER_OBJECT_CONVERSION = YES_AGGRESSIVE;
				CLANG_CXX_LANGUAGE_STANDARD = "gnu++14";
				CLANG_CXX_LIBRARY = "libc++";
				CLANG_ENABLE_MODULES = YES;
				CLANG_ENABLE_OBJC_ARC = YES;
				CLANG_ENABLE_OBJC_WEAK = YES;
				CLANG_WARN_BLOCK_CAPTURE_AUTORELEASING = YES;
				CLANG_WARN_BOOL_CONVERSION = YES;
				CLANG_WARN_COMMA = YES;
				CLANG_WARN_CONSTANT_CONVERSION = YES;
				CLANG_WARN_DEPRECATED_OBJC_IMPLEMENTATIONS = YES;
				CLANG_WARN_DIRECT_OBJC_ISA_USAGE = YES_ERROR;
				CLANG_WARN_DOCUMENTATION_COMMENTS = YES;
				CLANG_WARN_EMPTY_BODY = YES;
				CLANG_WARN_ENUM_CONVERSION = YES;
				CLANG_WARN_INFINITE_RECURSION = YES;
				CLANG_WARN_INT_CONVERSION = YES;
				CLANG_WARN_NON_LITERAL_NULL_CONVERSION = YES;
				CLANG_WARN_OBJC_IMPLICIT_RETAIN_SELF = YES;
				CLANG_WARN_OBJC_LITERAL_CONVERSION = YES;
				CLANG_WARN_OBJC_ROOT_CLASS = YES_ERROR;
				CLANG_WARN_RANGE_LOOP_ANALYSIS = YES;
				CLANG_WARN_STRICT_PROTOTYPES = YES;
				CLANG_WARN_SUSPICIOUS_MOVE = YES;
				CLANG_WARN_UNGUARDED_AVAILABILITY = YES_AGGRESSIVE;
				CLANG_WARN_UNREACHABLE_CODE = YES;
				CLANG_WARN__DUPLICATE_METHOD_MATCH = YES;
				CODE_SIGN_IDENTITY = "iPhone Developer";
				COPY_PHASE_STRIP = NO;
				DEBUG_INFORMATION_FORMAT = dwarf;
				ENABLE_STRICT_OBJC_MSGSEND = YES;
				ENABLE_TESTABILITY = YES;
				GCC_C_LANGUAGE_STANDARD = gnu11;
				GCC_DYNAMIC_NO_PIC = NO;
				GCC_NO_COMMON_BLOCKS = YES;
				GCC_OPTIMIZATION_LEVEL = 0;
				GCC_PREPROCESSOR_DEFINITIONS = (
					"DEBUG=1",
					"$(inherited)",
				);
				GCC_WARN_64_TO_32_BIT_CONVERSION = YES;
				GCC_WARN_ABOUT_RETURN_TYPE = YES_ERROR;
				GCC_WARN_UNDECLARED_SELECTOR = YES;
				GCC_WARN_UNINITIALIZED_AUTOS = YES_AGGRESSIVE;
				GCC_WARN_UNUSED_FUNCTION = YES;
				GCC_WARN_UNUSED_VARIABLE = YES;
				IPHONEOS_DEPLOYMENT_TARGET = 12.2;
				MTL_ENABLE_DEBUG_INFO = INCLUDE_SOURCE;
				MTL_FAST_MATH = YES;
				ONLY_ACTIVE_ARCH = YES;
				SDKROOT = iphoneos;
				SWIFT_ACTIVE_COMPILATION_CONDITIONS = DEBUG;
				SWIFT_OPTIMIZATION_LEVEL = "-Onone";
			};
			name = Debug;
		};
		CA675A272327E73800BEB95F /* Release */ = {
			isa = XCBuildConfiguration;
			buildSettings = {
				ALWAYS_SEARCH_USER_PATHS = NO;
				CLANG_ANALYZER_NONNULL = YES;
				CLANG_ANALYZER_NUMBER_OBJECT_CONVERSION = YES_AGGRESSIVE;
				CLANG_CXX_LANGUAGE_STANDARD = "gnu++14";
				CLANG_CXX_LIBRARY = "libc++";
				CLANG_ENABLE_MODULES = YES;
				CLANG_ENABLE_OBJC_ARC = YES;
				CLANG_ENABLE_OBJC_WEAK = YES;
				CLANG_WARN_BLOCK_CAPTURE_AUTORELEASING = YES;
				CLANG_WARN_BOOL_CONVERSION = YES;
				CLANG_WARN_COMMA = YES;
				CLANG_WARN_CONSTANT_CONVERSION = YES;
				CLANG_WARN_DEPRECATED_OBJC_IMPLEMENTATIONS = YES;
				CLANG_WARN_DIRECT_OBJC_ISA_USAGE = YES_ERROR;
				CLANG_WARN_DOCUMENTATION_COMMENTS = YES;
				CLANG_WARN_EMPTY_BODY = YES;
				CLANG_WARN_ENUM_CONVERSION = YES;
				CLANG_WARN_INFINITE_RECURSION = YES;
				CLANG_WARN_INT_CONVERSION = YES;
				CLANG_WARN_NON_LITERAL_NULL_CONVERSION = YES;
				CLANG_WARN_OBJC_IMPLICIT_RETAIN_SELF = YES;
				CLANG_WARN_OBJC_LITERAL_CONVERSION = YES;
				CLANG_WARN_OBJC_ROOT_CLASS = YES_ERROR;
				CLANG_WARN_RANGE_LOOP_ANALYSIS = YES;
				CLANG_WARN_STRICT_PROTOTYPES = YES;
				CLANG_WARN_SUSPICIOUS_MOVE = YES;
				CLANG_WARN_UNGUARDED_AVAILABILITY = YES_AGGRESSIVE;
				CLANG_WARN_UNREACHABLE_CODE = YES;
				CLANG_WARN__DUPLICATE_METHOD_MATCH = YES;
				CODE_SIGN_IDENTITY = "iPhone Developer";
				COPY_PHASE_STRIP = NO;
				DEBUG_INFORMATION_FORMAT = "dwarf-with-dsym";
				ENABLE_NS_ASSERTIONS = NO;
				ENABLE_STRICT_OBJC_MSGSEND = YES;
				GCC_C_LANGUAGE_STANDARD = gnu11;
				GCC_NO_COMMON_BLOCKS = YES;
				GCC_WARN_64_TO_32_BIT_CONVERSION = YES;
				GCC_WARN_ABOUT_RETURN_TYPE = YES_ERROR;
				GCC_WARN_UNDECLARED_SELECTOR = YES;
				GCC_WARN_UNINITIALIZED_AUTOS = YES_AGGRESSIVE;
				GCC_WARN_UNUSED_FUNCTION = YES;
				GCC_WARN_UNUSED_VARIABLE = YES;
				IPHONEOS_DEPLOYMENT_TARGET = 12.2;
				MTL_ENABLE_DEBUG_INFO = NO;
				MTL_FAST_MATH = YES;
				SDKROOT = iphoneos;
				SWIFT_COMPILATION_MODE = wholemodule;
				SWIFT_OPTIMIZATION_LEVEL = "-O";
				VALIDATE_PRODUCT = YES;
			};
			name = Release;
		};
		CA675A292327E73800BEB95F /* Debug */ = {
			isa = XCBuildConfiguration;
			buildSettings = {
				ASSETCATALOG_COMPILER_APPICON_NAME = AppIcon;
				CODE_SIGN_STYLE = Automatic;
				DEVELOPMENT_TEAM = 9W4WJ5QY7E;
				INFOPLIST_FILE = BrightnessControl/Info.plist;
				LD_RUNPATH_SEARCH_PATHS = (
					"$(inherited)",
					"@executable_path/Frameworks",
				);
				PRODUCT_BUNDLE_IDENTIFIER = BrightnessControlTest.BrightnessControl;
				PRODUCT_NAME = "$(TARGET_NAME)";
				SWIFT_VERSION = 5.0;
				TARGETED_DEVICE_FAMILY = "1,2";
			};
			name = Debug;
		};
		CA675A2A2327E73800BEB95F /* Release */ = {
			isa = XCBuildConfiguration;
			buildSettings = {
				ASSETCATALOG_COMPILER_APPICON_NAME = AppIcon;
				CODE_SIGN_STYLE = Automatic;
				DEVELOPMENT_TEAM = 9W4WJ5QY7E;
				INFOPLIST_FILE = BrightnessControl/Info.plist;
				LD_RUNPATH_SEARCH_PATHS = (
					"$(inherited)",
					"@executable_path/Frameworks",
				);
				PRODUCT_BUNDLE_IDENTIFIER = BrightnessControlTest.BrightnessControl;
				PRODUCT_NAME = "$(TARGET_NAME)";
				SWIFT_VERSION = 5.0;
				TARGETED_DEVICE_FAMILY = "1,2";
			};
			name = Release;
		};
/* End XCBuildConfiguration section */

/* Begin XCConfigurationList section */
		CA675A112327E73700BEB95F /* Build configuration list for PBXProject "BrightnessControl" */ = {
			isa = XCConfigurationList;
			buildConfigurations = (
				CA675A262327E73800BEB95F /* Debug */,
				CA675A272327E73800BEB95F /* Release */,
			);
			defaultConfigurationIsVisible = 0;
			defaultConfigurationName = Release;
		};
		CA675A282327E73800BEB95F /* Build configuration list for PBXNativeTarget "BrightnessControl" */ = {
			isa = XCConfigurationList;
			buildConfigurations = (
				CA675A292327E73800BEB95F /* Debug */,
				CA675A2A2327E73800BEB95F /* Release */,
			);
			defaultConfigurationIsVisible = 0;
			defaultConfigurationName = Release;
		};
/* End XCConfigurationList section */
	};
	rootObject = CA675A0E2327E73700BEB95F /* Project object */;
}
